
Microsoft Visual Studio Solution File, Format Version 10.00
# Visual Studio 2008
Project("{FAE04EC0-301F-11D3-BF4B-00C04F79EFBC}") = "report", "report\report.csproj", "{161A19EF-8F43-4105-8151-B73B5982311F}"
EndProject
Global
	GlobalSection(SolutionConfigurationPlatforms) = preSolution
		Debug|Any CPU = Debug|Any CPU
		Release|Any CPU = Release|Any CPU
	EndGlobalSection
	GlobalSection(ProjectConfigurationPlatforms) = postSolution
		{161A19EF-8F43-4105-8151-B73B5982311F}.Debug|Any CPU.ActiveCfg = Debug|Any CPU
		{161A19EF-8F43-4105-8151-B73B5982311F}.Debug|Any CPU.Build.0 = Debug|Any CPU
		{161A19EF-8F43-4105-8151-B73B5982311F}.Release|Any CPU.ActiveCfg = Release|Any CPU
		{161A19EF-8F43-4105-8151-B73B5982311F}.Release|Any CPU.Build.0 = Release|Any CPU
	EndGlobalSection
	GlobalSection(SolutionProperties) = preSolution
		HideSolutionNode = FALSE
	EndGlobalSection
EndGlobal
